
Microsoft Visual Studio Solution File, Format Version 12.00
# Visual Studio Version 16
VisualStudioVersion = 16.0.30225.117
MinimumVisualStudioVersion = 10.0.40219.1
Project("{FAE04EC0-301F-11D3-BF4B-00C04F79EFBC}") = "Cookie Critique", "Cookie Critique.csproj", "{3F3ABBD2-EBB0-4661-99C4-9F856FF0C581}"
EndProject
Global
	GlobalSection(SolutionConfigurationPlatforms) = preSolution
		Debug|Any CPU = Debug|Any CPU
		Release|Any CPU = Release|Any CPU
	EndGlobalSection
	GlobalSection(ProjectConfigurationPlatforms) = postSolution
		{3F3ABBD2-EBB0-4661-99C4-9F856FF0C581}.Debug|Any CPU.ActiveCfg = Debug|Any CPU
		{3F3ABBD2-EBB0-4661-99C4-9F856FF0C581}.Debug|Any CPU.Build.0 = Debug|Any CPU
		{3F3ABBD2-EBB0-4661-99C4-9F856FF0C581}.Release|Any CPU.ActiveCfg = Release|Any CPU
		{3F3ABBD2-EBB0-4661-99C4-9F856FF0C581}.Release|Any CPU.Build.0 = Release|Any CPU
	EndGlobalSection
	GlobalSection(SolutionProperties) = preSolution
		HideSolutionNode = FALSE
	EndGlobalSection
	GlobalSection(ExtensibilityGlobals) = postSolution
		SolutionGuid = {2886AB58-86B0-4629-868D-9DE06A9750D2}
	EndGlobalSection
EndGlobal
